
Microsoft Visual Studio Solution File, Format Version 12.00
# Visual Studio 15
VisualStudioVersion = 15.0.28307.438
MinimumVisualStudioVersion = 10.0.40219.1
Project("{FAE04EC0-301F-11D3-BF4B-00C04F79EFBC}") = "01_Threads_Join", "ConsoleApp47\01_Threads_Join.csproj", "{376AE6C7-D045-4585-9002-D04741F19704}"
EndProject
Project("{FAE04EC0-301F-11D3-BF4B-00C04F79EFBC}") = "02_Threads_Suspend", "02_Threads_Suspend\02_Threads_Suspend.csproj", "{8A5C7EF3-C170-4BA2-B06B-864338206FA4}"
EndProject
Project("{FAE04EC0-301F-11D3-BF4B-00C04F79EFBC}") = "03_Threads_SafeManerParams", "03_Threads_SafeManerParams\03_Threads_SafeManerParams.csproj", "{8E6A9597-DD5A-43E0-B2DD-F9A8CF175479}"
EndProject
Project("{FAE04EC0-301F-11D3-BF4B-00C04F79EFBC}") = "04_Threads_SyncProblem", "04_Threads_SyncProblem\04_Threads_SyncProblem.csproj", "{6F5FF207-10E6-41DB-96EA-C38211E6A9A3}"
EndProject
Project("{FAE04EC0-301F-11D3-BF4B-00C04F79EFBC}") = "05_Threads_Sync_Lock", "05_Threads_Sync_Lock\05_Threads_Sync_Lock.csproj", "{9C2C5099-152E-4364-9450-891577E3B5DD}"
EndProject
Project("{FAE04EC0-301F-11D3-BF4B-00C04F79EFBC}") = "06_Threads_Sync_Monitor", "06_Threads_Sync_Monitor\06_Threads_Sync_Monitor.csproj", "{0C64A1B6-EC4C-4BB9-8734-318BFFAE9420}"
EndProject
Project("{FAE04EC0-301F-11D3-BF4B-00C04F79EFBC}") = "07_Threads_Sync_Interlock", "07_Threads_Sync_Interlock\07_Threads_Sync_Interlock.csproj", "{DF7933DF-AA07-48A6-A1E4-2F29B15456C2}"
EndProject
Project("{FAE04EC0-301F-11D3-BF4B-00C04F79EFBC}") = "10_Threads_AsyncDelegate", "10_Threads_AsyncDelegate\10_Threads_AsyncDelegate.csproj", "{4ED494E1-B026-4A55-9B25-4122848A9D62}"
EndProject
Project("{FAE04EC0-301F-11D3-BF4B-00C04F79EFBC}") = "11_Threads_AsyncDelegateWithState", "11_Threads_AsyncDelegateWithState\11_Threads_AsyncDelegateWithState.csproj", "{312FBA78-CCA1-4FE7-B841-D2B574CF969E}"
EndProject
Project("{FAE04EC0-301F-11D3-BF4B-00C04F79EFBC}") = "12_Threads_IAsyncResult", "12_Threads_IAsyncResult\12_Threads_IAsyncResult.csproj", "{766A96DE-D8EB-437C-A8CD-257DED07C5E3}"
EndProject
Project("{FAE04EC0-301F-11D3-BF4B-00C04F79EFBC}") = "13_Threads_IAsyncResult", "13_Threads_IAsyncResult\13_Threads_IAsyncResult.csproj", "{3C672C3D-ED63-432A-AADE-5E0BD5FE0DFC}"
EndProject
Project("{FAE04EC0-301F-11D3-BF4B-00C04F79EFBC}") = "14_Threads_IAsyncResult_Func", "14_Threads_IAsyncResult_Func\14_Threads_IAsyncResult_Func.csproj", "{E16AB6E3-A0C2-414C-9713-E7F2EFC97FB4}"
EndProject
Project("{FAE04EC0-301F-11D3-BF4B-00C04F79EFBC}") = "15_Threads_IAsyncResult_Func", "15_Threads_IAsyncResult_Func\15_Threads_IAsyncResult_Func.csproj", "{6E79A6DA-5C11-49F0-AD83-16ADF96BF7A8}"
EndProject
Project("{FAE04EC0-301F-11D3-BF4B-00C04F79EFBC}") = "16_Threads_IAsyncResult_ResentEvents", "16_Threads_IAsyncResult_ResentEvents\16_Threads_IAsyncResult_ResentEvents.csproj", "{BCA90161-084A-48F0-855F-8E91E49D98D0}"
EndProject
Project("{FAE04EC0-301F-11D3-BF4B-00C04F79EFBC}") = "17_Threads_IAsncResult_Semaphor", "17_Threads_IAsncResult_Semaphor\17_Threads_IAsncResult_Semaphor.csproj", "{B9734D1B-69F8-4166-B74B-1C5E249773C3}"
EndProject
Global
	GlobalSection(SolutionConfigurationPlatforms) = preSolution
		Debug|Any CPU = Debug|Any CPU
		Release|Any CPU = Release|Any CPU
	EndGlobalSection
	GlobalSection(ProjectConfigurationPlatforms) = postSolution
		{376AE6C7-D045-4585-9002-D04741F19704}.Debug|Any CPU.ActiveCfg = Debug|Any CPU
		{376AE6C7-D045-4585-9002-D04741F19704}.Debug|Any CPU.Build.0 = Debug|Any CPU
		{376AE6C7-D045-4585-9002-D04741F19704}.Release|Any CPU.ActiveCfg = Release|Any CPU
		{376AE6C7-D045-4585-9002-D04741F19704}.Release|Any CPU.Build.0 = Release|Any CPU
		{8A5C7EF3-C170-4BA2-B06B-864338206FA4}.Debug|Any CPU.ActiveCfg = Debug|Any CPU
		{8A5C7EF3-C170-4BA2-B06B-864338206FA4}.Debug|Any CPU.Build.0 = Debug|Any CPU
		{8A5C7EF3-C170-4BA2-B06B-864338206FA4}.Release|Any CPU.ActiveCfg = Release|Any CPU
		{8A5C7EF3-C170-4BA2-B06B-864338206FA4}.Release|Any CPU.Build.0 = Release|Any CPU
		{8E6A9597-DD5A-43E0-B2DD-F9A8CF175479}.Debug|Any CPU.ActiveCfg = Debug|Any CPU
		{8E6A9597-DD5A-43E0-B2DD-F9A8CF175479}.Debug|Any CPU.Build.0 = Debug|Any CPU
		{8E6A9597-DD5A-43E0-B2DD-F9A8CF175479}.Release|Any CPU.ActiveCfg = Release|Any CPU
		{8E6A9597-DD5A-43E0-B2DD-F9A8CF175479}.Release|Any CPU.Build.0 = Release|Any CPU
		{6F5FF207-10E6-41DB-96EA-C38211E6A9A3}.Debug|Any CPU.ActiveCfg = Debug|Any CPU
		{6F5FF207-10E6-41DB-96EA-C38211E6A9A3}.Debug|Any CPU.Build.0 = Debug|Any CPU
		{6F5FF207-10E6-41DB-96EA-C38211E6A9A3}.Release|Any CPU.ActiveCfg = Release|Any CPU
		{6F5FF207-10E6-41DB-96EA-C38211E6A9A3}.Release|Any CPU.Build.0 = Release|Any CPU
		{9C2C5099-152E-4364-9450-891577E3B5DD}.Debug|Any CPU.ActiveCfg = Debug|Any CPU
		{9C2C5099-152E-4364-9450-891577E3B5DD}.Debug|Any CPU.Build.0 = Debug|Any CPU
		{9C2C5099-152E-4364-9450-891577E3B5DD}.Release|Any CPU.ActiveCfg = Release|Any CPU
		{9C2C5099-152E-4364-9450-891577E3B5DD}.Release|Any CPU.Build.0 = Release|Any CPU
		{0C64A1B6-EC4C-4BB9-8734-318BFFAE9420}.Debug|Any CPU.ActiveCfg = Debug|Any CPU
		{0C64A1B6-EC4C-4BB9-8734-318BFFAE9420}.Debug|Any CPU.Build.0 = Debug|Any CPU
		{0C64A1B6-EC4C-4BB9-8734-318BFFAE9420}.Release|Any CPU.ActiveCfg = Release|Any CPU
		{0C64A1B6-EC4C-4BB9-8734-318BFFAE9420}.Release|Any CPU.Build.0 = Release|Any CPU
		{DF7933DF-AA07-48A6-A1E4-2F29B15456C2}.Debug|Any CPU.ActiveCfg = Debug|Any CPU
		{DF7933DF-AA07-48A6-A1E4-2F29B15456C2}.Debug|Any CPU.Build.0 = Debug|Any CPU
		{DF7933DF-AA07-48A6-A1E4-2F29B15456C2}.Release|Any CPU.ActiveCfg = Release|Any CPU
		{DF7933DF-AA07-48A6-A1E4-2F29B15456C2}.Release|Any CPU.Build.0 = Release|Any CPU
		{4ED494E1-B026-4A55-9B25-4122848A9D62}.Debug|Any CPU.ActiveCfg = Debug|Any CPU
		{4ED494E1-B026-4A55-9B25-4122848A9D62}.Debug|Any CPU.Build.0 = Debug|Any CPU
		{4ED494E1-B026-4A55-9B25-4122848A9D62}.Release|Any CPU.ActiveCfg = Release|Any CPU
		{4ED494E1-B026-4A55-9B25-4122848A9D62}.Release|Any CPU.Build.0 = Release|Any CPU
		{312FBA78-CCA1-4FE7-B841-D2B574CF969E}.Debug|Any CPU.ActiveCfg = Debug|Any CPU
		{312FBA78-CCA1-4FE7-B841-D2B574CF969E}.Debug|Any CPU.Build.0 = Debug|Any CPU
		{312FBA78-CCA1-4FE7-B841-D2B574CF969E}.Release|Any CPU.ActiveCfg = Release|Any CPU
		{312FBA78-CCA1-4FE7-B841-D2B574CF969E}.Release|Any CPU.Build.0 = Release|Any CPU
		{766A96DE-D8EB-437C-A8CD-257DED07C5E3}.Debug|Any CPU.ActiveCfg = Debug|Any CPU
		{766A96DE-D8EB-437C-A8CD-257DED07C5E3}.Debug|Any CPU.Build.0 = Debug|Any CPU
		{766A96DE-D8EB-437C-A8CD-257DED07C5E3}.Release|Any CPU.ActiveCfg = Release|Any CPU
		{766A96DE-D8EB-437C-A8CD-257DED07C5E3}.Release|Any CPU.Build.0 = Release|Any CPU
		{3C672C3D-ED63-432A-AADE-5E0BD5FE0DFC}.Debug|Any CPU.ActiveCfg = Debug|Any CPU
		{3C672C3D-ED63-432A-AADE-5E0BD5FE0DFC}.Debug|Any CPU.Build.0 = Debug|Any CPU
		{3C672C3D-ED63-432A-AADE-5E0BD5FE0DFC}.Release|Any CPU.ActiveCfg = Release|Any CPU
		{3C672C3D-ED63-432A-AADE-5E0BD5FE0DFC}.Release|Any CPU.Build.0 = Release|Any CPU
		{E16AB6E3-A0C2-414C-9713-E7F2EFC97FB4}.Debug|Any CPU.ActiveCfg = Debug|Any CPU
		{E16AB6E3-A0C2-414C-9713-E7F2EFC97FB4}.Debug|Any CPU.Build.0 = Debug|Any CPU
		{E16AB6E3-A0C2-414C-9713-E7F2EFC97FB4}.Release|Any CPU.ActiveCfg = Release|Any CPU
		{E16AB6E3-A0C2-414C-9713-E7F2EFC97FB4}.Release|Any CPU.Build.0 = Release|Any CPU
		{6E79A6DA-5C11-49F0-AD83-16ADF96BF7A8}.Debug|Any CPU.ActiveCfg = Debug|Any CPU
		{6E79A6DA-5C11-49F0-AD83-16ADF96BF7A8}.Debug|Any CPU.Build.0 = Debug|Any CPU
		{6E79A6DA-5C11-49F0-AD83-16ADF96BF7A8}.Release|Any CPU.ActiveCfg = Release|Any CPU
		{6E79A6DA-5C11-49F0-AD83-16ADF96BF7A8}.Release|Any CPU.Build.0 = Release|Any CPU
		{BCA90161-084A-48F0-855F-8E91E49D98D0}.Debug|Any CPU.ActiveCfg = Debug|Any CPU
		{BCA90161-084A-48F0-855F-8E91E49D98D0}.Debug|Any CPU.Build.0 = Debug|Any CPU
		{BCA90161-084A-48F0-855F-8E91E49D98D0}.Release|Any CPU.ActiveCfg = Release|Any CPU
		{BCA90161-084A-48F0-855F-8E91E49D98D0}.Release|Any CPU.Build.0 = Release|Any CPU
		{B9734D1B-69F8-4166-B74B-1C5E249773C3}.Debug|Any CPU.ActiveCfg = Debug|Any CPU
		{B9734D1B-69F8-4166-B74B-1C5E249773C3}.Debug|Any CPU.Build.0 = Debug|Any CPU
		{B9734D1B-69F8-4166-B74B-1C5E249773C3}.Release|Any CPU.ActiveCfg = Release|Any CPU
		{B9734D1B-69F8-4166-B74B-1C5E249773C3}.Release|Any CPU.Build.0 = Release|Any CPU
	EndGlobalSection
	GlobalSection(SolutionProperties) = preSolution
		HideSolutionNode = FALSE
	EndGlobalSection
	GlobalSection(ExtensibilityGlobals) = postSolution
		SolutionGuid = {18213D67-5652-4D4A-8C8C-AE9B6B707FEB}
	EndGlobalSection
EndGlobal
